// !$*UTF8*$!
{
	archiveVersion = 1;
	classes = {
	};
	objectVersion = 56;
	objects = {

/* Begin PBXBuildFile section */
		129B98602B23627600100F95 /* AppDelegate.swift in Sources */ = {isa = PBXBuildFile; fileRef = 129B985F2B23627600100F95 /* AppDelegate.swift */; };
		129B98622B23627600100F95 /* SceneDelegate.swift in Sources */ = {isa = PBXBuildFile; fileRef = 129B98612B23627600100F95 /* SceneDelegate.swift */; };
		129B98642B23627600100F95 /* FirstScreenViewController.swift in Sources */ = {isa = PBXBuildFile; fileRef = 129B98632B23627600100F95 /* FirstScreenViewController.swift */; };
		129B98672B23627600100F95 /* Main.storyboard in Resources */ = {isa = PBXBuildFile; fileRef = 129B98652B23627600100F95 /* Main.storyboard */; };
		129B98692B23628000100F95 /* Assets.xcassets in Resources */ = {isa = PBXBuildFile; fileRef = 129B98682B23628000100F95 /* Assets.xcassets */; };
		129B986C2B23628000100F95 /* LaunchScreen.storyboard in Resources */ = {isa = PBXBuildFile; fileRef = 129B986A2B23628000100F95 /* LaunchScreen.storyboard */; };
		129B98742B2363BA00100F95 /* FirstScreenViewModel.swift in Sources */ = {isa = PBXBuildFile; fileRef = 129B98732B2363BA00100F95 /* FirstScreenViewModel.swift */; };
		129B98792B23670E00100F95 /* SecondScreenViewController.swift in Sources */ = {isa = PBXBuildFile; fileRef = 129B98772B23670E00100F95 /* SecondScreenViewController.swift */; };
		129B987A2B23670E00100F95 /* SecondScreenViewController.xib in Resources */ = {isa = PBXBuildFile; fileRef = 129B98782B23670E00100F95 /* SecondScreenViewController.xib */; };
		129B987D2B23685600100F95 /* SecondScreenCollectionViewCell.swift in Sources */ = {isa = PBXBuildFile; fileRef = 129B987B2B23685600100F95 /* SecondScreenCollectionViewCell.swift */; };
		129B987E2B23685600100F95 /* SecondScreenCollectionViewCell.xib in Resources */ = {isa = PBXBuildFile; fileRef = 129B987C2B23685600100F95 /* SecondScreenCollectionViewCell.xib */; };
		129B98802B23695200100F95 /* SecondScreenViewModel.swift in Sources */ = {isa = PBXBuildFile; fileRef = 129B987F2B23695200100F95 /* SecondScreenViewModel.swift */; };
		129B98822B236A4B00100F95 /* Constants.swift in Sources */ = {isa = PBXBuildFile; fileRef = 129B98812B236A4B00100F95 /* Constants.swift */; };
/* End PBXBuildFile section */

/* Begin PBXFileReference section */
		129B985C2B23627600100F95 /* INDMoney.app */ = {isa = PBXFileReference; explicitFileType = wrapper.application; includeInIndex = 0; path = INDMoney.app; sourceTree = BUILT_PRODUCTS_DIR; };
		129B985F2B23627600100F95 /* AppDelegate.swift */ = {isa = PBXFileReference; lastKnownFileType = sourcecode.swift; path = AppDelegate.swift; sourceTree = "<group>"; };
		129B98612B23627600100F95 /* SceneDelegate.swift */ = {isa = PBXFileReference; lastKnownFileType = sourcecode.swift; path = SceneDelegate.swift; sourceTree = "<group>"; };
		129B98632B23627600100F95 /* FirstScreenViewController.swift */ = {isa = PBXFileReference; lastKnownFileType = sourcecode.swift; path = FirstScreenViewController.swift; sourceTree = "<group>"; };
		129B98662B23627600100F95 /* Base */ = {isa = PBXFileReference; lastKnownFileType = file.storyboard; name = Base; path = Base.lproj/Main.storyboard; sourceTree = "<group>"; };
		129B98682B23628000100F95 /* Assets.xcassets */ = {isa = PBXFileReference; lastKnownFileType = folder.assetcatalog; path = Assets.xcassets; sourceTree = "<group>"; };
		129B986B2B23628000100F95 /* Base */ = {isa = PBXFileReference; lastKnownFileType = file.storyboard; name = Base; path = Base.lproj/LaunchScreen.storyboard; sourceTree = "<group>"; };
		129B986D2B23628000100F95 /* Info.plist */ = {isa = PBXFileReference; lastKnownFileType = text.plist.xml; path = Info.plist; sourceTree = "<group>"; };
		129B98732B2363BA00100F95 /* FirstScreenViewModel.swift */ = {isa = PBXFileReference; lastKnownFileType = sourcecode.swift; path = FirstScreenViewModel.swift; sourceTree = "<group>"; };
		129B98772B23670E00100F95 /* SecondScreenViewController.swift */ = {isa = PBXFileReference; lastKnownFileType = sourcecode.swift; path = SecondScreenViewController.swift; sourceTree = "<group>"; };
		129B98782B23670E00100F95 /* SecondScreenViewController.xib */ = {isa = PBXFileReference; lastKnownFileType = file.xib; path = SecondScreenViewController.xib; sourceTree = "<group>"; };
		129B987B2B23685600100F95 /* SecondScreenCollectionViewCell.swift */ = {isa = PBXFileReference; lastKnownFileType = sourcecode.swift; path = SecondScreenCollectionViewCell.swift; sourceTree = "<group>"; };
		129B987C2B23685600100F95 /* SecondScreenCollectionViewCell.xib */ = {isa = PBXFileReference; lastKnownFileType = file.xib; path = SecondScreenCollectionViewCell.xib; sourceTree = "<group>"; };
		129B987F2B23695200100F95 /* SecondScreenViewModel.swift */ = {isa = PBXFileReference; lastKnownFileType = sourcecode.swift; path = SecondScreenViewModel.swift; sourceTree = "<group>"; };
		129B98812B236A4B00100F95 /* Constants.swift */ = {isa = PBXFileReference; lastKnownFileType = sourcecode.swift; path = Constants.swift; sourceTree = "<group>"; };
/* End PBXFileReference section */

/* Begin PBXFrameworksBuildPhase section */
		129B98592B23627600100F95 /* Frameworks */ = {
			isa = PBXFrameworksBuildPhase;
			buildActionMask = 2147483647;
			files = (
			);
			runOnlyForDeploymentPostprocessing = 0;
		};
/* End PBXFrameworksBuildPhase section */

/* Begin PBXGroup section */
		129B98532B23627600100F95 = {
			isa = PBXGroup;
			children = (
				129B985E2B23627600100F95 /* INDMoney */,
				129B985D2B23627600100F95 /* Products */,
			);
			sourceTree = "<group>";
		};
		129B985D2B23627600100F95 /* Products */ = {
			isa = PBXGroup;
			children = (
				129B985C2B23627600100F95 /* INDMoney.app */,
			);
			name = Products;
			sourceTree = "<group>";
		};
		129B985E2B23627600100F95 /* INDMoney */ = {
			isa = PBXGroup;
			children = (
				129B98812B236A4B00100F95 /* Constants.swift */,
				129B98762B2366DA00100F95 /* Second Screen */,
				129B985F2B23627600100F95 /* AppDelegate.swift */,
				129B98612B23627600100F95 /* SceneDelegate.swift */,
				129B98752B23654200100F95 /* First Main */,
				129B98652B23627600100F95 /* Main.storyboard */,
				129B98682B23628000100F95 /* Assets.xcassets */,
				129B986A2B23628000100F95 /* LaunchScreen.storyboard */,
				129B986D2B23628000100F95 /* Info.plist */,
			);
			path = INDMoney;
			sourceTree = "<group>";
		};
		129B98752B23654200100F95 /* First Main */ = {
			isa = PBXGroup;
			children = (
				129B98732B2363BA00100F95 /* FirstScreenViewModel.swift */,
				129B98632B23627600100F95 /* FirstScreenViewController.swift */,
			);
			path = "First Main";
			sourceTree = "<group>";
		};
		129B98762B2366DA00100F95 /* Second Screen */ = {
			isa = PBXGroup;
			children = (
				129B987F2B23695200100F95 /* SecondScreenViewModel.swift */,
				129B98772B23670E00100F95 /* SecondScreenViewController.swift */,
				129B98782B23670E00100F95 /* SecondScreenViewController.xib */,
				129B987B2B23685600100F95 /* SecondScreenCollectionViewCell.swift */,
				129B987C2B23685600100F95 /* SecondScreenCollectionViewCell.xib */,
			);
			path = "Second Screen";
			sourceTree = "<group>";
		};
/* End PBXGroup section */

/* Begin PBXNativeTarget section */
		129B985B2B23627600100F95 /* INDMoney */ = {
			isa = PBXNativeTarget;
			buildConfigurationList = 129B98702B23628000100F95 /* Build configuration list for PBXNativeTarget "INDMoney" */;
			buildPhases = (
				129B98582B23627600100F95 /* Sources */,
				129B98592B23627600100F95 /* Frameworks */,
				129B985A2B23627600100F95 /* Resources */,
			);
			buildRules = (
			);
			dependencies = (
			);
			name = INDMoney;
			productName = INDMoney;
			productReference = 129B985C2B23627600100F95 /* INDMoney.app */;
			productType = "com.apple.product-type.application";
		};
/* End PBXNativeTarget section */

/* Begin PBXProject section */
		129B98542B23627600100F95 /* Project object */ = {
			isa = PBXProject;
			attributes = {
				BuildIndependentTargetsInParallel = 1;
				LastSwiftUpdateCheck = 1500;
				LastUpgradeCheck = 1500;
				TargetAttributes = {
					129B985B2B23627600100F95 = {
						CreatedOnToolsVersion = 15.0;
					};
				};
			};
			buildConfigurationList = 129B98572B23627600100F95 /* Build configuration list for PBXProject "INDMoney" */;
			compatibilityVersion = "Xcode 14.0";
			developmentRegion = en;
			hasScannedForEncodings = 0;
			knownRegions = (
				en,
				Base,
			);
			mainGroup = 129B98532B23627600100F95;
			productRefGroup = 129B985D2B23627600100F95 /* Products */;
			projectDirPath = "";
			projectRoot = "";
			targets = (
				129B985B2B23627600100F95 /* INDMoney */,
			);
		};
/* End PBXProject section */

/* Begin PBXResourcesBuildPhase section */
		129B985A2B23627600100F95 /* Resources */ = {
			isa = PBXResourcesBuildPhase;
			buildActionMask = 2147483647;
			files = (
				129B986C2B23628000100F95 /* LaunchScreen.storyboard in Resources */,
				129B98692B23628000100F95 /* Assets.xcassets in Resources */,
				129B987E2B23685600100F95 /* SecondScreenCollectionViewCell.xib in Resources */,
				129B987A2B23670E00100F95 /* SecondScreenViewController.xib in Resources */,
				129B98672B23627600100F95 /* Main.storyboard in Resources */,
			);
			runOnlyForDeploymentPostprocessing = 0;
		};
/* End PBXResourcesBuildPhase section */

/* Begin PBXSourcesBuildPhase section */
		129B98582B23627600100F95 /* Sources */ = {
			isa = PBXSourcesBuildPhase;
			buildActionMask = 2147483647;
			files = (
				129B987D2B23685600100F95 /* SecondScreenCollectionViewCell.swift in Sources */,
				129B98642B23627600100F95 /* FirstScreenViewController.swift in Sources */,
				129B98792B23670E00100F95 /* SecondScreenViewController.swift in Sources */,
				129B98742B2363BA00100F95 /* FirstScreenViewModel.swift in Sources */,
				129B98602B23627600100F95 /* AppDelegate.swift in Sources */,
				129B98802B23695200100F95 /* SecondScreenViewModel.swift in Sources */,
				129B98622B23627600100F95 /* SceneDelegate.swift in Sources */,
				129B98822B236A4B00100F95 /* Constants.swift in Sources */,
			);
			runOnlyForDeploymentPostprocessing = 0;
		};
/* End PBXSourcesBuildPhase section */

/* Begin PBXVariantGroup section */
		129B98652B23627600100F95 /* Main.storyboard */ = {
			isa = PBXVariantGroup;
			children = (
				129B98662B23627600100F95 /* Base */,
			);
			name = Main.storyboard;
			sourceTree = "<group>";
		};
		129B986A2B23628000100F95 /* LaunchScreen.storyboard */ = {
			isa = PBXVariantGroup;
			children = (
				129B986B2B23628000100F95 /* Base */,
			);
			name = LaunchScreen.storyboard;
			sourceTree = "<group>";
		};
/* End PBXVariantGroup section */

/* Begin XCBuildConfiguration section */
		129B986E2B23628000100F95 /* Debug */ = {
			isa = XCBuildConfiguration;
			buildSettings = {
				ALWAYS_SEARCH_USER_PATHS = NO;
				ASSETCATALOG_COMPILER_GENERATE_SWIFT_ASSET_SYMBOL_EXTENSIONS = YES;
				CLANG_ANALYZER_NONNULL = YES;
				CLANG_ANALYZER_NUMBER_OBJECT_CONVERSION = YES_AGGRESSIVE;
				CLANG_CXX_LANGUAGE_STANDARD = "gnu++20";
				CLANG_ENABLE_MODULES = YES;
				CLANG_ENABLE_OBJC_ARC = YES;
				CLANG_ENABLE_OBJC_WEAK = YES;
				CLANG_WARN_BLOCK_CAPTURE_AUTORELEASING = YES;
				CLANG_WARN_BOOL_CONVERSION = YES;
				CLANG_WARN_COMMA = YES;
				CLANG_WARN_CONSTANT_CONVERSION = YES;
				CLANG_WARN_DEPRECATED_OBJC_IMPLEMENTATIONS = YES;
				CLANG_WARN_DIRECT_OBJC_ISA_USAGE = YES_ERROR;
				CLANG_WARN_DOCUMENTATION_COMMENTS = YES;
				CLANG_WARN_EMPTY_BODY = YES;
				CLANG_WARN_ENUM_CONVERSION = YES;
				CLANG_WARN_INFINITE_RECURSION = YES;
				CLANG_WARN_INT_CONVERSION = YES;
				CLANG_WARN_NON_LITERAL_NULL_CONVERSION = YES;
				CLANG_WARN_OBJC_IMPLICIT_RETAIN_SELF = YES;
				CLANG_WARN_OBJC_LITERAL_CONVERSION = YES;
				CLANG_WARN_OBJC_ROOT_CLASS = YES_ERROR;
				CLANG_WARN_QUOTED_INCLUDE_IN_FRAMEWORK_HEADER = YES;
				CLANG_WARN_RANGE_LOOP_ANALYSIS = YES;
				CLANG_WARN_STRICT_PROTOTYPES = YES;
				CLANG_WARN_SUSPICIOUS_MOVE = YES;
				CLANG_WARN_UNGUARDED_AVAILABILITY = YES_AGGRESSIVE;
				CLANG_WARN_UNREACHABLE_CODE = YES;
				CLANG_WARN__DUPLICATE_METHOD_MATCH = YES;
				COPY_PHASE_STRIP = NO;
				DEBUG_INFORMATION_FORMAT = dwarf;
				ENABLE_STRICT_OBJC_MSGSEND = YES;
				ENABLE_TESTABILITY = YES;
				ENABLE_USER_SCRIPT_SANDBOXING = YES;
				GCC_C_LANGUAGE_STANDARD = gnu17;
				GCC_DYNAMIC_NO_PIC = NO;
				GCC_NO_COMMON_BLOCKS = YES;
				GCC_OPTIMIZATION_LEVEL = 0;
				GCC_PREPROCESSOR_DEFINITIONS = (
					"DEBUG=1",
					"$(inherited)",
				);
				GCC_WARN_64_TO_32_BIT_CONVERSION = YES;
				GCC_WARN_ABOUT_RETURN_TYPE = YES_ERROR;
				GCC_WARN_UNDECLARED_SELECTOR = YES;
				GCC_WARN_UNINITIALIZED_AUTOS = YES_AGGRESSIVE;
				GCC_WARN_UNUSED_FUNCTION = YES;
				GCC_WARN_UNUSED_VARIABLE = YES;
				IPHONEOS_DEPLOYMENT_TARGET = 17.0;
				LOCALIZATION_PREFERS_STRING_CATALOGS = YES;
				MTL_ENABLE_DEBUG_INFO = INCLUDE_SOURCE;
				MTL_FAST_MATH = YES;
				ONLY_ACTIVE_ARCH = YES;
				SDKROOT = iphoneos;
				SWIFT_ACTIVE_COMPILATION_CONDITIONS = "DEBUG $(inherited)";
				SWIFT_OPTIMIZATION_LEVEL = "-Onone";
			};
			name = Debug;
		};
		129B986F2B23628000100F95 /* Release */ = {
			isa = XCBuildConfiguration;
			buildSettings = {
				ALWAYS_SEARCH_USER_PATHS = NO;
				ASSETCATALOG_COMPILER_GENERATE_SWIFT_ASSET_SYMBOL_EXTENSIONS = YES;
				CLANG_ANALYZER_NONNULL = YES;
				CLANG_ANALYZER_NUMBER_OBJECT_CONVERSION = YES_AGGRESSIVE;
				CLANG_CXX_LANGUAGE_STANDARD = "gnu++20";
				CLANG_ENABLE_MODULES = YES;
				CLANG_ENABLE_OBJC_ARC = YES;
				CLANG_ENABLE_OBJC_WEAK = YES;
				CLANG_WARN_BLOCK_CAPTURE_AUTORELEASING = YES;
				CLANG_WARN_BOOL_CONVERSION = YES;
				CLANG_WARN_COMMA = YES;
				CLANG_WARN_CONSTANT_CONVERSION = YES;
				CLANG_WARN_DEPRECATED_OBJC_IMPLEMENTATIONS = YES;
				CLANG_WARN_DIRECT_OBJC_ISA_USAGE = YES_ERROR;
				CLANG_WARN_DOCUMENTATION_COMMENTS = YES;
				CLANG_WARN_EMPTY_BODY = YES;
				CLANG_WARN_ENUM_CONVERSION = YES;
				CLANG_WARN_INFINITE_RECURSION = YES;
				CLANG_WARN_INT_CONVERSION = YES;
				CLANG_WARN_NON_LITERAL_NULL_CONVERSION = YES;
				CLANG_WARN_OBJC_IMPLICIT_RETAIN_SELF = YES;
				CLANG_WARN_OBJC_LITERAL_CONVERSION = YES;
				CLANG_WARN_OBJC_ROOT_CLASS = YES_ERROR;
				CLANG_WARN_QUOTED_INCLUDE_IN_FRAMEWORK_HEADER = YES;
				CLANG_WARN_RANGE_LOOP_ANALYSIS = YES;
				CLANG_WARN_STRICT_PROTOTYPES = YES;
				CLANG_WARN_SUSPICIOUS_MOVE = YES;
				CLANG_WARN_UNGUARDED_AVAILABILITY = YES_AGGRESSIVE;
				CLANG_WARN_UNREACHABLE_CODE = YES;
				CLANG_WARN__DUPLICATE_METHOD_MATCH = YES;
				COPY_PHASE_STRIP = NO;
				DEBUG_INFORMATION_FORMAT = "dwarf-with-dsym";
				ENABLE_NS_ASSERTIONS = NO;
				ENABLE_STRICT_OBJC_MSGSEND = YES;
				ENABLE_USER_SCRIPT_SANDBOXING = YES;
				GCC_C_LANGUAGE_STANDARD = gnu17;
				GCC_NO_COMMON_BLOCKS = YES;
				GCC_WARN_64_TO_32_BIT_CONVERSION = YES;
				GCC_WARN_ABOUT_RETURN_TYPE = YES_ERROR;
				GCC_WARN_UNDECLARED_SELECTOR = YES;
				GCC_WARN_UNINITIALIZED_AUTOS = YES_AGGRESSIVE;
				GCC_WARN_UNUSED_FUNCTION = YES;
				GCC_WARN_UNUSED_VARIABLE = YES;
				IPHONEOS_DEPLOYMENT_TARGET = 17.0;
				LOCALIZATION_PREFERS_STRING_CATALOGS = YES;
				MTL_ENABLE_DEBUG_INFO = NO;
				MTL_FAST_MATH = YES;
				SDKROOT = iphoneos;
				SWIFT_COMPILATION_MODE = wholemodule;
				VALIDATE_PRODUCT = YES;
			};
			name = Release;
		};
		129B98712B23628000100F95 /* Debug */ = {
			isa = XCBuildConfiguration;
			buildSettings = {
				ASSETCATALOG_COMPILER_APPICON_NAME = AppIcon;
				ASSETCATALOG_COMPILER_GLOBAL_ACCENT_COLOR_NAME = AccentColor;
				CODE_SIGN_STYLE = Automatic;
				CURRENT_PROJECT_VERSION = 1;
				DEVELOPMENT_TEAM = FUVCK5QQ22;
				GENERATE_INFOPLIST_FILE = YES;
				INFOPLIST_FILE = INDMoney/Info.plist;
				INFOPLIST_KEY_UIApplicationSupportsIndirectInputEvents = YES;
				INFOPLIST_KEY_UILaunchStoryboardName = LaunchScreen;
				INFOPLIST_KEY_UIMainStoryboardFile = Main;
				INFOPLIST_KEY_UISupportedInterfaceOrientations_iPad = "UIInterfaceOrientationPortrait UIInterfaceOrientationPortraitUpsideDown UIInterfaceOrientationLandscapeLeft UIInterfaceOrientationLandscapeRight";
				INFOPLIST_KEY_UISupportedInterfaceOrientations_iPhone = "UIInterfaceOrientationPortrait UIInterfaceOrientationLandscapeLeft UIInterfaceOrientationLandscapeRight";
				LD_RUNPATH_SEARCH_PATHS = (
					"$(inherited)",
					"@executable_path/Frameworks",
				);
				MARKETING_VERSION = 1.0;
				PRODUCT_BUNDLE_IDENTIFIER = com.yashvardhansharma.INDMoney;
				PRODUCT_NAME = "$(TARGET_NAME)";
				SWIFT_EMIT_LOC_STRINGS = YES;
				SWIFT_VERSION = 5.0;
				TARGETED_DEVICE_FAMILY = "1,2";
			};
			name = Debug;
		};
		129B98722B23628000100F95 /* Release */ = {
			isa = XCBuildConfiguration;
			buildSettings = {
				ASSETCATALOG_COMPILER_APPICON_NAME = AppIcon;
				ASSETCATALOG_COMPILER_GLOBAL_ACCENT_COLOR_NAME = AccentColor;
				CODE_SIGN_STYLE = Automatic;
				CURRENT_PROJECT_VERSION = 1;
				DEVELOPMENT_TEAM = FUVCK5QQ22;
				GENERATE_INFOPLIST_FILE = YES;
				INFOPLIST_FILE = INDMoney/Info.plist;
				INFOPLIST_KEY_UIApplicationSupportsIndirectInputEvents = YES;
				INFOPLIST_KEY_UILaunchStoryboardName = LaunchScreen;
				INFOPLIST_KEY_UIMainStoryboardFile = Main;
				INFOPLIST_KEY_UISupportedInterfaceOrientations_iPad = "UIInterfaceOrientationPortrait UIInterfaceOrientationPortraitUpsideDown UIInterfaceOrientationLandscapeLeft UIInterfaceOrientationLandscapeRight";
				INFOPLIST_KEY_UISupportedInterfaceOrientations_iPhone = "UIInterfaceOrientationPortrait UIInterfaceOrientationLandscapeLeft UIInterfaceOrientationLandscapeRight";
				LD_RUNPATH_SEARCH_PATHS = (
					"$(inherited)",
					"@executable_path/Frameworks",
				);
				MARKETING_VERSION = 1.0;
				PRODUCT_BUNDLE_IDENTIFIER = com.yashvardhansharma.INDMoney;
				PRODUCT_NAME = "$(TARGET_NAME)";
				SWIFT_EMIT_LOC_STRINGS = YES;
				SWIFT_VERSION = 5.0;
				TARGETED_DEVICE_FAMILY = "1,2";
			};
			name = Release;
		};
/* End XCBuildConfiguration section */

/* Begin XCConfigurationList section */
		129B98572B23627600100F95 /* Build configuration list for PBXProject "INDMoney" */ = {
			isa = XCConfigurationList;
			buildConfigurations = (
				129B986E2B23628000100F95 /* Debug */,
				129B986F2B23628000100F95 /* Release */,
			);
			defaultConfigurationIsVisible = 0;
			defaultConfigurationName = Release;
		};
		129B98702B23628000100F95 /* Build configuration list for PBXNativeTarget "INDMoney" */ = {
			isa = XCConfigurationList;
			buildConfigurations = (
				129B98712B23628000100F95 /* Debug */,
				129B98722B23628000100F95 /* Release */,
			);
			defaultConfigurationIsVisible = 0;
			defaultConfigurationName = Release;
		};
/* End XCConfigurationList section */
	};
	rootObject = 129B98542B23627600100F95 /* Project object */;
}
